
Microsoft Visual Studio Solution File, Format Version 12.00
# Visual Studio Version 17
VisualStudioVersion = 17.0.31808.319
MinimumVisualStudioVersion = 10.0.40219.1
Project("{888888A0-9F3D-457C-B088-3A5042F75D52}") = "IISp", "IISp\IISp.pyproj", "{32AEA3A5-3F00-4B93-898A-B352735EC96B}"
EndProject
Global
	GlobalSection(SolutionConfigurationPlatforms) = preSolution
		Debug|Any CPU = Debug|Any CPU
		Release|Any CPU = Release|Any CPU
	EndGlobalSection
	GlobalSection(ProjectConfigurationPlatforms) = postSolution
		{32AEA3A5-3F00-4B93-898A-B352735EC96B}.Debug|Any CPU.ActiveCfg = Debug|Any CPU
		{32AEA3A5-3F00-4B93-898A-B352735EC96B}.Debug|Any CPU.Build.0 = Debug|Any CPU
		{32AEA3A5-3F00-4B93-898A-B352735EC96B}.Release|Any CPU.ActiveCfg = Release|Any CPU
		{32AEA3A5-3F00-4B93-898A-B352735EC96B}.Release|Any CPU.Build.0 = Release|Any CPU
	EndGlobalSection
	GlobalSection(SolutionProperties) = preSolution
		HideSolutionNode = FALSE
	EndGlobalSection
	GlobalSection(ExtensibilityGlobals) = postSolution
		SolutionGuid = {9C6C8B13-8813-44C4-8ACE-D86B3889C547}
	EndGlobalSection
EndGlobal
